
Microsoft Visual Studio Solution File, Format Version 12.00
# Visual Studio Version 16
VisualStudioVersion = 16.0.31729.503
MinimumVisualStudioVersion = 10.0.40219.1
Project("{FAE04EC0-301F-11D3-BF4B-00C04F79EFBC}") = "WpfApp18", "WpfApp18\WpfApp18.csproj", "{824E4E3E-2259-4075-A401-CA74B65A35A1}"
EndProject
Global
	GlobalSection(SolutionConfigurationPlatforms) = preSolution
		Debug|Any CPU = Debug|Any CPU
		Debug|x64 = Debug|x64
		Release|Any CPU = Release|Any CPU
		Release|x64 = Release|x64
	EndGlobalSection
	GlobalSection(ProjectConfigurationPlatforms) = postSolution
		{824E4E3E-2259-4075-A401-CA74B65A35A1}.Debug|Any CPU.ActiveCfg = Debug|Any CPU
		{824E4E3E-2259-4075-A401-CA74B65A35A1}.Debug|Any CPU.Build.0 = Debug|Any CPU
		{824E4E3E-2259-4075-A401-CA74B65A35A1}.Debug|x64.ActiveCfg = Debug|x64
		{824E4E3E-2259-4075-A401-CA74B65A35A1}.Debug|x64.Build.0 = Debug|x64
		{824E4E3E-2259-4075-A401-CA74B65A35A1}.Release|Any CPU.ActiveCfg = Release|Any CPU
		{824E4E3E-2259-4075-A401-CA74B65A35A1}.Release|Any CPU.Build.0 = Release|Any CPU
		{824E4E3E-2259-4075-A401-CA74B65A35A1}.Release|x64.ActiveCfg = Release|x64
		{824E4E3E-2259-4075-A401-CA74B65A35A1}.Release|x64.Build.0 = Release|x64
	EndGlobalSection
	GlobalSection(SolutionProperties) = preSolution
		HideSolutionNode = FALSE
	EndGlobalSection
	GlobalSection(ExtensibilityGlobals) = postSolution
		SolutionGuid = {74BBA573-9440-457B-81BE-1DC23D686345}
	EndGlobalSection
EndGlobal
